
Microsoft Visual Studio Solution File, Format Version 12.00
# Visual Studio Version 17
VisualStudioVersion = 17.5.002.0
MinimumVisualStudioVersion = 10.0.40219.1
Project("{9A19103F-16F7-4668-BE54-9A1E7A4F7556}") = "CidadesUnidasApp", "CidadesUnidasApp.csproj", "{A0086D46-75AD-4CBF-BF37-F4394F21C1C6}"
EndProject
Global
	GlobalSection(SolutionConfigurationPlatforms) = preSolution
		Debug|Any CPU = Debug|Any CPU
		Release|Any CPU = Release|Any CPU
	EndGlobalSection
	GlobalSection(ProjectConfigurationPlatforms) = postSolution
		{A0086D46-75AD-4CBF-BF37-F4394F21C1C6}.Debug|Any CPU.ActiveCfg = Debug|Any CPU
		{A0086D46-75AD-4CBF-BF37-F4394F21C1C6}.Debug|Any CPU.Build.0 = Debug|Any CPU
		{A0086D46-75AD-4CBF-BF37-F4394F21C1C6}.Release|Any CPU.ActiveCfg = Release|Any CPU
		{A0086D46-75AD-4CBF-BF37-F4394F21C1C6}.Release|Any CPU.Build.0 = Release|Any CPU
	EndGlobalSection
	GlobalSection(SolutionProperties) = preSolution
		HideSolutionNode = FALSE
	EndGlobalSection
	GlobalSection(ExtensibilityGlobals) = postSolution
		SolutionGuid = {10351F75-890B-4FEA-968E-78DF16A01AB5}
	EndGlobalSection
EndGlobal
